
Microsoft Visual Studio Solution File, Format Version 12.00
# Visual Studio Version 16
VisualStudioVersion = 16.0.30114.105
MinimumVisualStudioVersion = 10.0.40219.1
Project("{FAE04EC0-301F-11D3-BF4B-00C04F79EFBC}") = "Notes - Classes and Structs", "Notes - Classes and Structs\Notes - Classes and Structs.csproj", "{D597B163-1FF8-4677-933F-18294FC7D198}"
EndProject
Global
	GlobalSection(SolutionConfigurationPlatforms) = preSolution
		Debug|Any CPU = Debug|Any CPU
		Release|Any CPU = Release|Any CPU
	EndGlobalSection
	GlobalSection(ProjectConfigurationPlatforms) = postSolution
		{D597B163-1FF8-4677-933F-18294FC7D198}.Debug|Any CPU.ActiveCfg = Debug|Any CPU
		{D597B163-1FF8-4677-933F-18294FC7D198}.Debug|Any CPU.Build.0 = Debug|Any CPU
		{D597B163-1FF8-4677-933F-18294FC7D198}.Release|Any CPU.ActiveCfg = Release|Any CPU
		{D597B163-1FF8-4677-933F-18294FC7D198}.Release|Any CPU.Build.0 = Release|Any CPU
	EndGlobalSection
	GlobalSection(SolutionProperties) = preSolution
		HideSolutionNode = FALSE
	EndGlobalSection
	GlobalSection(ExtensibilityGlobals) = postSolution
		SolutionGuid = {50030FBA-7AD6-4DDD-95F0-58E55BEDFC5D}
	EndGlobalSection
EndGlobal
